
Microsoft Visual Studio Solution File, Format Version 12.00
# Visual Studio Version 17
VisualStudioVersion = 17.4.33205.214
MinimumVisualStudioVersion = 10.0.40219.1
Project("{FAE04EC0-301F-11D3-BF4B-00C04F79EFBC}") = "Week6StringsAndArrays", "Week6StringsAndArrays\Week6StringsAndArrays.csproj", "{C4B6410F-63C9-4E4E-814D-99DBEDE8958F}"
EndProject
Project("{FAE04EC0-301F-11D3-BF4B-00C04F79EFBC}") = "Arrays", "Arrays\Arrays.csproj", "{EB823760-F744-4519-899A-A63FFFAC314C}"
EndProject
Project("{FAE04EC0-301F-11D3-BF4B-00C04F79EFBC}") = "NumberArrays", "NumberArrays\NumberArrays.csproj", "{B3B441CA-903B-4E27-A398-E44708361513}"
EndProject
Global
	GlobalSection(SolutionConfigurationPlatforms) = preSolution
		Debug|Any CPU = Debug|Any CPU
		Release|Any CPU = Release|Any CPU
	EndGlobalSection
	GlobalSection(ProjectConfigurationPlatforms) = postSolution
		{C4B6410F-63C9-4E4E-814D-99DBEDE8958F}.Debug|Any CPU.ActiveCfg = Debug|Any CPU
		{C4B6410F-63C9-4E4E-814D-99DBEDE8958F}.Debug|Any CPU.Build.0 = Debug|Any CPU
		{C4B6410F-63C9-4E4E-814D-99DBEDE8958F}.Release|Any CPU.ActiveCfg = Release|Any CPU
		{C4B6410F-63C9-4E4E-814D-99DBEDE8958F}.Release|Any CPU.Build.0 = Release|Any CPU
		{EB823760-F744-4519-899A-A63FFFAC314C}.Debug|Any CPU.ActiveCfg = Debug|Any CPU
		{EB823760-F744-4519-899A-A63FFFAC314C}.Debug|Any CPU.Build.0 = Debug|Any CPU
		{EB823760-F744-4519-899A-A63FFFAC314C}.Release|Any CPU.ActiveCfg = Release|Any CPU
		{EB823760-F744-4519-899A-A63FFFAC314C}.Release|Any CPU.Build.0 = Release|Any CPU
		{B3B441CA-903B-4E27-A398-E44708361513}.Debug|Any CPU.ActiveCfg = Debug|Any CPU
		{B3B441CA-903B-4E27-A398-E44708361513}.Debug|Any CPU.Build.0 = Debug|Any CPU
		{B3B441CA-903B-4E27-A398-E44708361513}.Release|Any CPU.ActiveCfg = Release|Any CPU
		{B3B441CA-903B-4E27-A398-E44708361513}.Release|Any CPU.Build.0 = Release|Any CPU
	EndGlobalSection
	GlobalSection(SolutionProperties) = preSolution
		HideSolutionNode = FALSE
	EndGlobalSection
	GlobalSection(ExtensibilityGlobals) = postSolution
		SolutionGuid = {71C5BD85-ABFE-4776-A5FF-2B436387FD78}
	EndGlobalSection
EndGlobal
